
Microsoft Visual Studio Solution File, Format Version 12.00
# Visual Studio Version 17
VisualStudioVersion = 17.14.36127.28 d17.14
MinimumVisualStudioVersion = 10.0.40219.1
Project("{FAE04EC0-301F-11D3-BF4B-00C04F79EFBC}") = "TwitchBot", "TwitchBot\TwitchBot.csproj", "{7642D977-F065-4C1C-A0B3-B242F60EC353}"
EndProject
Global
	GlobalSection(SolutionConfigurationPlatforms) = preSolution
		Debug|Any CPU = Debug|Any CPU
		Release|Any CPU = Release|Any CPU
	EndGlobalSection
	GlobalSection(ProjectConfigurationPlatforms) = postSolution
		{7642D977-F065-4C1C-A0B3-B242F60EC353}.Debug|Any CPU.ActiveCfg = Debug|Any CPU
		{7642D977-F065-4C1C-A0B3-B242F60EC353}.Debug|Any CPU.Build.0 = Debug|Any CPU
		{7642D977-F065-4C1C-A0B3-B242F60EC353}.Release|Any CPU.ActiveCfg = Release|Any CPU
		{7642D977-F065-4C1C-A0B3-B242F60EC353}.Release|Any CPU.Build.0 = Release|Any CPU
	EndGlobalSection
	GlobalSection(SolutionProperties) = preSolution
		HideSolutionNode = FALSE
	EndGlobalSection
	GlobalSection(ExtensibilityGlobals) = postSolution
		SolutionGuid = {720F34C5-7F72-4EF8-9FAA-909AFB38F240}
	EndGlobalSection
EndGlobal
